PODS:
  - DACircularProgress (2.3.1)
  - IDMPhotoBrowser (1.8.1):
    - DACircularProgress
    - pop
    - SDWebImage
  - pop (1.0.9)
  - SDWebImage (3.7.5):
    - SDWebImage/Core (= 3.7.5)
  - SDWebImage/Core (3.7.5)

DEPENDENCIES:
  - IDMPhotoBrowser (~> 1.8)

SPEC CHECKSUMS:
  DACircularProgress: 4dd437c0fc3da5161cb289e07ac449493d41db71
  IDMPhotoBrowser: 99eccfe6431e182f64e2fe57ac654316fbf81576
  pop: f667631a5108a2e60d9e8797c9b32ddaf2080bce
  SDWebImage: 69c6303e3348fba97e03f65d65d4fbc26740f461

COCOAPODS: 0.38.2
